
Microsoft Visual Studio Solution File, Format Version 12.00
# Visual Studio Version 17
VisualStudioVersion = 17.10.35027.167
MinimumVisualStudioVersion = 10.0.40219.1
Project("{FAE04EC0-301F-11D3-BF4B-00C04F79EFBC}") = "PatikaWeek7PratikPatikafy", "PatikaWeek7PratikPatikafy\PatikaWeek7PratikPatikafy.csproj", "{2171CD84-E7DE-43A5-8705-43B93DD9FE87}"
EndProject
Global
	GlobalSection(SolutionConfigurationPlatforms) = preSolution
		Debug|Any CPU = Debug|Any CPU
		Release|Any CPU = Release|Any CPU
	EndGlobalSection
	GlobalSection(ProjectConfigurationPlatforms) = postSolution
		{2171CD84-E7DE-43A5-8705-43B93DD9FE87}.Debug|Any CPU.ActiveCfg = Debug|Any CPU
		{2171CD84-E7DE-43A5-8705-43B93DD9FE87}.Debug|Any CPU.Build.0 = Debug|Any CPU
		{2171CD84-E7DE-43A5-8705-43B93DD9FE87}.Release|Any CPU.ActiveCfg = Release|Any CPU
		{2171CD84-E7DE-43A5-8705-43B93DD9FE87}.Release|Any CPU.Build.0 = Release|Any CPU
	EndGlobalSection
	GlobalSection(SolutionProperties) = preSolution
		HideSolutionNode = FALSE
	EndGlobalSection
	GlobalSection(ExtensibilityGlobals) = postSolution
		SolutionGuid = {725E84B0-4AD9-4027-8828-450474D52F13}
	EndGlobalSection
EndGlobal
